// !$*UTF8*$!
{
	archiveVersion = 1;
	classes = {
	};
	objectVersion = 56;
	objects = {

/* Begin PBXBuildFile section */
		3674D18D28F2E74A0036B442 /* AppDelegate.swift in Sources */ = {isa = PBXBuildFile; fileRef = 3674D18C28F2E74A0036B442 /* AppDelegate.swift */; };
		3674D18F28F2E74A0036B442 /* SceneDelegate.swift in Sources */ = {isa = PBXBuildFile; fileRef = 3674D18E28F2E74A0036B442 /* SceneDelegate.swift */; };
		3674D19128F2E74A0036B442 /* ViewController.swift in Sources */ = {isa = PBXBuildFile; fileRef = 3674D19028F2E74A0036B442 /* ViewController.swift */; };
		3674D19428F2E74A0036B442 /* Main.storyboard in Resources */ = {isa = PBXBuildFile; fileRef = 3674D19228F2E74A0036B442 /* Main.storyboard */; };
		3674D19628F2E74C0036B442 /* Assets.xcassets in Resources */ = {isa = PBXBuildFile; fileRef = 3674D19528F2E74C0036B442 /* Assets.xcassets */; };
		3674D19928F2E74C0036B442 /* LaunchScreen.storyboard in Resources */ = {isa = PBXBuildFile; fileRef = 3674D19728F2E74C0036B442 /* LaunchScreen.storyboard */; };
		3674D1A428F2EC010036B442 /* User.swift in Sources */ = {isa = PBXBuildFile; fileRef = 3674D1A328F2EC010036B442 /* User.swift */; };
		3674D1A628F2FF460036B442 /* UserListManager.swift in Sources */ = {isa = PBXBuildFile; fileRef = 3674D1A528F2FF460036B442 /* UserListManager.swift */; };
		3674D1A828F310970036B442 /* MyTableViewCell.swift in Sources */ = {isa = PBXBuildFile; fileRef = 3674D1A728F310970036B442 /* MyTableViewCell.swift */; };
/* End PBXBuildFile section */

/* Begin PBXFileReference section */
		3674D18928F2E74A0036B442 /* UserInfoProject.app */ = {isa = PBXFileReference; explicitFileType = wrapper.application; includeInIndex = 0; path = UserInfoProject.app; sourceTree = BUILT_PRODUCTS_DIR; };
		3674D18C28F2E74A0036B442 /* AppDelegate.swift */ = {isa = PBXFileReference; lastKnownFileType = sourcecode.swift; path = AppDelegate.swift; sourceTree = "<group>"; };
		3674D18E28F2E74A0036B442 /* SceneDelegate.swift */ = {isa = PBXFileReference; lastKnownFileType = sourcecode.swift; path = SceneDelegate.swift; sourceTree = "<group>"; };
		3674D19028F2E74A0036B442 /* ViewController.swift */ = {isa = PBXFileReference; lastKnownFileType = sourcecode.swift; path = ViewController.swift; sourceTree = "<group>"; };
		3674D19328F2E74A0036B442 /* Base */ = {isa = PBXFileReference; lastKnownFileType = file.storyboard; name = Base; path = Base.lproj/Main.storyboard; sourceTree = "<group>"; };
		3674D19528F2E74C0036B442 /* Assets.xcassets */ = {isa = PBXFileReference; lastKnownFileType = folder.assetcatalog; path = Assets.xcassets; sourceTree = "<group>"; };
		3674D19828F2E74C0036B442 /* Base */ = {isa = PBXFileReference; lastKnownFileType = file.storyboard; name = Base; path = Base.lproj/LaunchScreen.storyboard; sourceTree = "<group>"; };
		3674D19A28F2E74C0036B442 /* Info.plist */ = {isa = PBXFileReference; lastKnownFileType = text.plist.xml; path = Info.plist; sourceTree = "<group>"; };
		3674D1A328F2EC010036B442 /* User.swift */ = {isa = PBXFileReference; lastKnownFileType = sourcecode.swift; path = User.swift; sourceTree = "<group>"; };
		3674D1A528F2FF460036B442 /* UserListManager.swift */ = {isa = PBXFileReference; lastKnownFileType = sourcecode.swift; path = UserListManager.swift; sourceTree = "<group>"; };
		3674D1A728F310970036B442 /* MyTableViewCell.swift */ = {isa = PBXFileReference; lastKnownFileType = sourcecode.swift; path = MyTableViewCell.swift; sourceTree = "<group>"; };
/* End PBXFileReference section */

/* Begin PBXFrameworksBuildPhase section */
		3674D18628F2E74A0036B442 /* Frameworks */ = {
			isa = PBXFrameworksBuildPhase;
			buildActionMask = 2147483647;
			files = (
			);
			runOnlyForDeploymentPostprocessing = 0;
		};
/* End PBXFrameworksBuildPhase section */

/* Begin PBXGroup section */
		3674D18028F2E74A0036B442 = {
			isa = PBXGroup;
			children = (
				3674D18B28F2E74A0036B442 /* UserInfoProject */,
				3674D18A28F2E74A0036B442 /* Products */,
			);
			sourceTree = "<group>";
		};
		3674D18A28F2E74A0036B442 /* Products */ = {
			isa = PBXGroup;
			children = (
				3674D18928F2E74A0036B442 /* UserInfoProject.app */,
			);
			name = Products;
			sourceTree = "<group>";
		};
		3674D18B28F2E74A0036B442 /* UserInfoProject */ = {
			isa = PBXGroup;
			children = (
				3674D1A028F2EBBA0036B442 /* Models */,
				3674D1A128F2EBCA0036B442 /* Views */,
				3674D1A228F2EBD20036B442 /* Controllers */,
				3674D18C28F2E74A0036B442 /* AppDelegate.swift */,
				3674D18E28F2E74A0036B442 /* SceneDelegate.swift */,
				3674D19528F2E74C0036B442 /* Assets.xcassets */,
				3674D19728F2E74C0036B442 /* LaunchScreen.storyboard */,
				3674D19A28F2E74C0036B442 /* Info.plist */,
			);
			path = UserInfoProject;
			sourceTree = "<group>";
		};
		3674D1A028F2EBBA0036B442 /* Models */ = {
			isa = PBXGroup;
			children = (
				3674D1A328F2EC010036B442 /* User.swift */,
				3674D1A528F2FF460036B442 /* UserListManager.swift */,
			);
			path = Models;
			sourceTree = "<group>";
		};
		3674D1A128F2EBCA0036B442 /* Views */ = {
			isa = PBXGroup;
			children = (
				3674D19228F2E74A0036B442 /* Main.storyboard */,
				3674D1A728F310970036B442 /* MyTableViewCell.swift */,
			);
			path = Views;
			sourceTree = "<group>";
		};
		3674D1A228F2EBD20036B442 /* Controllers */ = {
			isa = PBXGroup;
			children = (
				3674D19028F2E74A0036B442 /* ViewController.swift */,
			);
			path = Controllers;
			sourceTree = "<group>";
		};
/* End PBXGroup section */

/* Begin PBXNativeTarget section */
		3674D18828F2E74A0036B442 /* UserInfoProject */ = {
			isa = PBXNativeTarget;
			buildConfigurationList = 3674D19D28F2E74C0036B442 /* Build configuration list for PBXNativeTarget "UserInfoProject" */;
			buildPhases = (
				3674D18528F2E74A0036B442 /* Sources */,
				3674D18628F2E74A0036B442 /* Frameworks */,
				3674D18728F2E74A0036B442 /* Resources */,
			);
			buildRules = (
			);
			dependencies = (
			);
			name = UserInfoProject;
			productName = UserInfoProject;
			productReference = 3674D18928F2E74A0036B442 /* UserInfoProject.app */;
			productType = "com.apple.product-type.application";
		};
/* End PBXNativeTarget section */

/* Begin PBXProject section */
		3674D18128F2E74A0036B442 /* Project object */ = {
			isa = PBXProject;
			attributes = {
				BuildIndependentTargetsInParallel = 1;
				LastSwiftUpdateCheck = 1400;
				LastUpgradeCheck = 1400;
				TargetAttributes = {
					3674D18828F2E74A0036B442 = {
						CreatedOnToolsVersion = 14.0;
					};
				};
			};
			buildConfigurationList = 3674D18428F2E74A0036B442 /* Build configuration list for PBXProject "UserInfoProject" */;
			compatibilityVersion = "Xcode 14.0";
			developmentRegion = en;
			hasScannedForEncodings = 0;
			knownRegions = (
				en,
				Base,
			);
			mainGroup = 3674D18028F2E74A0036B442;
			productRefGroup = 3674D18A28F2E74A0036B442 /* Products */;
			projectDirPath = "";
			projectRoot = "";
			targets = (
				3674D18828F2E74A0036B442 /* UserInfoProject */,
			);
		};
/* End PBXProject section */

/* Begin PBXResourcesBuildPhase section */
		3674D18728F2E74A0036B442 /* Resources */ = {
			isa = PBXResourcesBuildPhase;
			buildActionMask = 2147483647;
			files = (
				3674D19928F2E74C0036B442 /* LaunchScreen.storyboard in Resources */,
				3674D19628F2E74C0036B442 /* Assets.xcassets in Resources */,
				3674D19428F2E74A0036B442 /* Main.storyboard in Resources */,
			);
			runOnlyForDeploymentPostprocessing = 0;
		};
/* End PBXResourcesBuildPhase section */

/* Begin PBXSourcesBuildPhase section */
		3674D18528F2E74A0036B442 /* Sources */ = {
			isa = PBXSourcesBuildPhase;
			buildActionMask = 2147483647;
			files = (
				3674D1A428F2EC010036B442 /* User.swift in Sources */,
				3674D19128F2E74A0036B442 /* ViewController.swift in Sources */,
				3674D18D28F2E74A0036B442 /* AppDelegate.swift in Sources */,
				3674D1A628F2FF460036B442 /* UserListManager.swift in Sources */,
				3674D18F28F2E74A0036B442 /* SceneDelegate.swift in Sources */,
				3674D1A828F310970036B442 /* MyTableViewCell.swift in Sources */,
			);
			runOnlyForDeploymentPostprocessing = 0;
		};
/* End PBXSourcesBuildPhase section */

/* Begin PBXVariantGroup section */
		3674D19228F2E74A0036B442 /* Main.storyboard */ = {
			isa = PBXVariantGroup;
			children = (
				3674D19328F2E74A0036B442 /* Base */,
			);
			name = Main.storyboard;
			sourceTree = "<group>";
		};
		3674D19728F2E74C0036B442 /* LaunchScreen.storyboard */ = {
			isa = PBXVariantGroup;
			children = (
				3674D19828F2E74C0036B442 /* Base */,
			);
			name = LaunchScreen.storyboard;
			sourceTree = "<group>";
		};
/* End PBXVariantGroup section */

/* Begin XCBuildConfiguration section */
		3674D19B28F2E74C0036B442 /* Debug */ = {
			isa = XCBuildConfiguration;
			buildSettings = {
				ALWAYS_SEARCH_USER_PATHS = NO;
				CLANG_ANALYZER_NONNULL = YES;
				CLANG_ANALYZER_NUMBER_OBJECT_CONVERSION = YES_AGGRESSIVE;
				CLANG_CXX_LANGUAGE_STANDARD = "gnu++20";
				CLANG_ENABLE_MODULES = YES;
				CLANG_ENABLE_OBJC_ARC = YES;
				CLANG_ENABLE_OBJC_WEAK = YES;
				CLANG_WARN_BLOCK_CAPTURE_AUTORELEASING = YES;
				CLANG_WARN_BOOL_CONVERSION = YES;
				CLANG_WARN_COMMA = YES;
				CLANG_WARN_CONSTANT_CONVERSION = YES;
				CLANG_WARN_DEPRECATED_OBJC_IMPLEMENTATIONS = YES;
				CLANG_WARN_DIRECT_OBJC_ISA_USAGE = YES_ERROR;
				CLANG_WARN_DOCUMENTATION_COMMENTS = YES;
				CLANG_WARN_EMPTY_BODY = YES;
				CLANG_WARN_ENUM_CONVERSION = YES;
				CLANG_WARN_INFINITE_RECURSION = YES;
				CLANG_WARN_INT_CONVERSION = YES;
				CLANG_WARN_NON_LITERAL_NULL_CONVERSION = YES;
				CLANG_WARN_OBJC_IMPLICIT_RETAIN_SELF = YES;
				CLANG_WARN_OBJC_LITERAL_CONVERSION = YES;
				CLANG_WARN_OBJC_ROOT_CLASS = YES_ERROR;
				CLANG_WARN_QUOTED_INCLUDE_IN_FRAMEWORK_HEADER = YES;
				CLANG_WARN_RANGE_LOOP_ANALYSIS = YES;
				CLANG_WARN_STRICT_PROTOTYPES = YES;
				CLANG_WARN_SUSPICIOUS_MOVE = YES;
				CLANG_WARN_UNGUARDED_AVAILABILITY = YES_AGGRESSIVE;
				CLANG_WARN_UNREACHABLE_CODE = YES;
				CLANG_WARN__DUPLICATE_METHOD_MATCH = YES;
				COPY_PHASE_STRIP = NO;
				DEBUG_INFORMATION_FORMAT = dwarf;
				ENABLE_STRICT_OBJC_MSGSEND = YES;
				ENABLE_TESTABILITY = YES;
				GCC_C_LANGUAGE_STANDARD = gnu11;
				GCC_DYNAMIC_NO_PIC = NO;
				GCC_NO_COMMON_BLOCKS = YES;
				GCC_OPTIMIZATION_LEVEL = 0;
				GCC_PREPROCESSOR_DEFINITIONS = (
					"DEBUG=1",
					"$(inherited)",
				);
				GCC_WARN_64_TO_32_BIT_CONVERSION = YES;
				GCC_WARN_ABOUT_RETURN_TYPE = YES_ERROR;
				GCC_WARN_UNDECLARED_SELECTOR = YES;
				GCC_WARN_UNINITIALIZED_AUTOS = YES_AGGRESSIVE;
				GCC_WARN_UNUSED_FUNCTION = YES;
				GCC_WARN_UNUSED_VARIABLE = YES;
				IPHONEOS_DEPLOYMENT_TARGET = 16.0;
				MTL_ENABLE_DEBUG_INFO = INCLUDE_SOURCE;
				MTL_FAST_MATH = YES;
				ONLY_ACTIVE_ARCH = YES;
				SDKROOT = iphoneos;
				SWIFT_ACTIVE_COMPILATION_CONDITIONS = DEBUG;
				SWIFT_OPTIMIZATION_LEVEL = "-Onone";
			};
			name = Debug;
		};
		3674D19C28F2E74C0036B442 /* Release */ = {
			isa = XCBuildConfiguration;
			buildSettings = {
				ALWAYS_SEARCH_USER_PATHS = NO;
				CLANG_ANALYZER_NONNULL = YES;
				CLANG_ANALYZER_NUMBER_OBJECT_CONVERSION = YES_AGGRESSIVE;
				CLANG_CXX_LANGUAGE_STANDARD = "gnu++20";
				CLANG_ENABLE_MODULES = YES;
				CLANG_ENABLE_OBJC_ARC = YES;
				CLANG_ENABLE_OBJC_WEAK = YES;
				CLANG_WARN_BLOCK_CAPTURE_AUTORELEASING = YES;
				CLANG_WARN_BOOL_CONVERSION = YES;
				CLANG_WARN_COMMA = YES;
				CLANG_WARN_CONSTANT_CONVERSION = YES;
				CLANG_WARN_DEPRECATED_OBJC_IMPLEMENTATIONS = YES;
				CLANG_WARN_DIRECT_OBJC_ISA_USAGE = YES_ERROR;
				CLANG_WARN_DOCUMENTATION_COMMENTS = YES;
				CLANG_WARN_EMPTY_BODY = YES;
				CLANG_WARN_ENUM_CONVERSION = YES;
				CLANG_WARN_INFINITE_RECURSION = YES;
				CLANG_WARN_INT_CONVERSION = YES;
				CLANG_WARN_NON_LITERAL_NULL_CONVERSION = YES;
				CLANG_WARN_OBJC_IMPLICIT_RETAIN_SELF = YES;
				CLANG_WARN_OBJC_LITERAL_CONVERSION = YES;
				CLANG_WARN_OBJC_ROOT_CLASS = YES_ERROR;
				CLANG_WARN_QUOTED_INCLUDE_IN_FRAMEWORK_HEADER = YES;
				CLANG_WARN_RANGE_LOOP_ANALYSIS = YES;
				CLANG_WARN_STRICT_PROTOTYPES = YES;
				CLANG_WARN_SUSPICIOUS_MOVE = YES;
				CLANG_WARN_UNGUARDED_AVAILABILITY = YES_AGGRESSIVE;
				CLANG_WARN_UNREACHABLE_CODE = YES;
				CLANG_WARN__DUPLICATE_METHOD_MATCH = YES;
				COPY_PHASE_STRIP = NO;
				DEBUG_INFORMATION_FORMAT = "dwarf-with-dsym";
				ENABLE_NS_ASSERTIONS = NO;
				ENABLE_STRICT_OBJC_MSGSEND = YES;
				GCC_C_LANGUAGE_STANDARD = gnu11;
				GCC_NO_COMMON_BLOCKS = YES;
				GCC_WARN_64_TO_32_BIT_CONVERSION = YES;
				GCC_WARN_ABOUT_RETURN_TYPE = YES_ERROR;
				GCC_WARN_UNDECLARED_SELECTOR = YES;
				GCC_WARN_UNINITIALIZED_AUTOS = YES_AGGRESSIVE;
				GCC_WARN_UNUSED_FUNCTION = YES;
				GCC_WARN_UNUSED_VARIABLE = YES;
				IPHONEOS_DEPLOYMENT_TARGET = 16.0;
				MTL_ENABLE_DEBUG_INFO = NO;
				MTL_FAST_MATH = YES;
				SDKROOT = iphoneos;
				SWIFT_COMPILATION_MODE = wholemodule;
				SWIFT_OPTIMIZATION_LEVEL = "-O";
				VALIDATE_PRODUCT = YES;
			};
			name = Release;
		};
		3674D19E28F2E74C0036B442 /* Debug */ = {
			isa = XCBuildConfiguration;
			buildSettings = {
				ASSETCATALOG_COMPILER_APPICON_NAME = AppIcon;
				ASSETCATALOG_COMPILER_GLOBAL_ACCENT_COLOR_NAME = AccentColor;
				CODE_SIGN_STYLE = Automatic;
				CURRENT_PROJECT_VERSION = 1;
				DEVELOPMENT_TEAM = "";
				GENERATE_INFOPLIST_FILE = YES;
				INFOPLIST_FILE = UserInfoProject/Info.plist;
				INFOPLIST_KEY_UIApplicationSupportsIndirectInputEvents = YES;
				INFOPLIST_KEY_UILaunchStoryboardName = LaunchScreen;
				INFOPLIST_KEY_UIMainStoryboardFile = Main;
				INFOPLIST_KEY_UISupportedInterfaceOrientations = UIInterfaceOrientationPortrait;
				INFOPLIST_KEY_UISupportedInterfaceOrientations_iPad = "UIInterfaceOrientationLandscapeLeft UIInterfaceOrientationLandscapeRight UIInterfaceOrientationPortrait UIInterfaceOrientationPortraitUpsideDown";
				IPHONEOS_DEPLOYMENT_TARGET = 14.0;
				LD_RUNPATH_SEARCH_PATHS = (
					"$(inherited)",
					"@executable_path/Frameworks",
				);
				MARKETING_VERSION = 1.0;
				PRODUCT_BUNDLE_IDENTIFIER = com.hyou.UserInfoProject;
				PRODUCT_NAME = "$(TARGET_NAME)";
				SUPPORTED_PLATFORMS = "iphoneos iphonesimulator";
				SUPPORTS_MACCATALYST = NO;
				SUPPORTS_MAC_DESIGNED_FOR_IPHONE_IPAD = NO;
				SWIFT_EMIT_LOC_STRINGS = YES;
				SWIFT_VERSION = 5.0;
				TARGETED_DEVICE_FAMILY = 1;
			};
			name = Debug;
		};
		3674D19F28F2E74C0036B442 /* Release */ = {
			isa = XCBuildConfiguration;
			buildSettings = {
				ASSETCATALOG_COMPILER_APPICON_NAME = AppIcon;
				ASSETCATALOG_COMPILER_GLOBAL_ACCENT_COLOR_NAME = AccentColor;
				CODE_SIGN_STYLE = Automatic;
				CURRENT_PROJECT_VERSION = 1;
				DEVELOPMENT_TEAM = "";
				GENERATE_INFOPLIST_FILE = YES;
				INFOPLIST_FILE = UserInfoProject/Info.plist;
				INFOPLIST_KEY_UIApplicationSupportsIndirectInputEvents = YES;
				INFOPLIST_KEY_UILaunchStoryboardName = LaunchScreen;
				INFOPLIST_KEY_UIMainStoryboardFile = Main;
				INFOPLIST_KEY_UISupportedInterfaceOrientations = UIInterfaceOrientationPortrait;
				INFOPLIST_KEY_UISupportedInterfaceOrientations_iPad = "UIInterfaceOrientationLandscapeLeft UIInterfaceOrientationLandscapeRight UIInterfaceOrientationPortrait UIInterfaceOrientationPortraitUpsideDown";
				IPHONEOS_DEPLOYMENT_TARGET = 14.0;
				LD_RUNPATH_SEARCH_PATHS = (
					"$(inherited)",
					"@executable_path/Frameworks",
				);
				MARKETING_VERSION = 1.0;
				PRODUCT_BUNDLE_IDENTIFIER = com.hyou.UserInfoProject;
				PRODUCT_NAME = "$(TARGET_NAME)";
				SUPPORTED_PLATFORMS = "iphoneos iphonesimulator";
				SUPPORTS_MACCATALYST = NO;
				SUPPORTS_MAC_DESIGNED_FOR_IPHONE_IPAD = NO;
				SWIFT_EMIT_LOC_STRINGS = YES;
				SWIFT_VERSION = 5.0;
				TARGETED_DEVICE_FAMILY = 1;
			};
			name = Release;
		};
/* End XCBuildConfiguration section */

/* Begin XCConfigurationList section */
		3674D18428F2E74A0036B442 /* Build configuration list for PBXProject "UserInfoProject" */ = {
			isa = XCConfigurationList;
			buildConfigurations = (
				3674D19B28F2E74C0036B442 /* Debug */,
				3674D19C28F2E74C0036B442 /* Release */,
			);
			defaultConfigurationIsVisible = 0;
			defaultConfigurationName = Release;
		};
		3674D19D28F2E74C0036B442 /* Build configuration list for PBXNativeTarget "UserInfoProject" */ = {
			isa = XCConfigurationList;
			buildConfigurations = (
				3674D19E28F2E74C0036B442 /* Debug */,
				3674D19F28F2E74C0036B442 /* Release */,
			);
			defaultConfigurationIsVisible = 0;
			defaultConfigurationName = Release;
		};
/* End XCConfigurationList section */
	};
	rootObject = 3674D18128F2E74A0036B442 /* Project object */;
}
